
Microsoft Visual Studio Solution File, Format Version 12.00
# Visual Studio 15
VisualStudioVersion = 15.0.28010.2026
MinimumVisualStudioVersion = 10.0.40219.1
Project("{FAE04EC0-301F-11D3-BF4B-00C04F79EFBC}") = "Test", "Test\Test.csproj", "{045FB76A-7C28-499D-9764-AEDA160CE1B3}"
EndProject
Project("{FAE04EC0-301F-11D3-BF4B-00C04F79EFBC}") = "ConsoleApp", "ConsoleApp\ConsoleApp.csproj", "{7988A003-0EAA-4C49-B6E0-424B5FB3CE79}"
EndProject
Project("{FAE04EC0-301F-11D3-BF4B-00C04F79EFBC}") = "WindowsFormsApp", "WindowsFormsApp\WindowsFormsApp.csproj", "{44EC15C3-FB5D-436D-A60B-689A8B92EF7D}"
EndProject
Global
	GlobalSection(SolutionConfigurationPlatforms) = preSolution
		Debug|Any CPU = Debug|Any CPU
		Release|Any CPU = Release|Any CPU
	EndGlobalSection
	GlobalSection(ProjectConfigurationPlatforms) = postSolution
		{045FB76A-7C28-499D-9764-AEDA160CE1B3}.Debug|Any CPU.ActiveCfg = Debug|Any CPU
		{045FB76A-7C28-499D-9764-AEDA160CE1B3}.Debug|Any CPU.Build.0 = Debug|Any CPU
		{045FB76A-7C28-499D-9764-AEDA160CE1B3}.Release|Any CPU.ActiveCfg = Release|Any CPU
		{045FB76A-7C28-499D-9764-AEDA160CE1B3}.Release|Any CPU.Build.0 = Release|Any CPU
		{7988A003-0EAA-4C49-B6E0-424B5FB3CE79}.Debug|Any CPU.ActiveCfg = Debug|Any CPU
		{7988A003-0EAA-4C49-B6E0-424B5FB3CE79}.Debug|Any CPU.Build.0 = Debug|Any CPU
		{7988A003-0EAA-4C49-B6E0-424B5FB3CE79}.Release|Any CPU.ActiveCfg = Release|Any CPU
		{7988A003-0EAA-4C49-B6E0-424B5FB3CE79}.Release|Any CPU.Build.0 = Release|Any CPU
		{44EC15C3-FB5D-436D-A60B-689A8B92EF7D}.Debug|Any CPU.ActiveCfg = Debug|Any CPU
		{44EC15C3-FB5D-436D-A60B-689A8B92EF7D}.Debug|Any CPU.Build.0 = Debug|Any CPU
		{44EC15C3-FB5D-436D-A60B-689A8B92EF7D}.Release|Any CPU.ActiveCfg = Release|Any CPU
		{44EC15C3-FB5D-436D-A60B-689A8B92EF7D}.Release|Any CPU.Build.0 = Release|Any CPU
	EndGlobalSection
	GlobalSection(SolutionProperties) = preSolution
		HideSolutionNode = FALSE
	EndGlobalSection
	GlobalSection(ExtensibilityGlobals) = postSolution
		SolutionGuid = {4FFD44EA-955B-4FAA-B179-28AE8AA6BAA8}
	EndGlobalSection
EndGlobal
